{
  "name": "test-install",
  "version": "1.0.0",
  "lockfileVersion": 3,
  "requires": true,
  "packages": {
    "": {
      "name": "test-install",
      "version": "1.0.0",
      "license": "ISC",
      "dependencies": {
        "@inttegro/inttegro-sdk": "file:.."
      },
      "engines": {
        "node": ">=24"
      }
    },
    "..": {
      "name": "@inttegro/inttegro-sdk",
      "version": "3.0.0",
      "license": "MIT",
      "devDependencies": {
        "@types/node": "^20.10.0",
        "@typescript-eslint/eslint-plugin": "^6.13.0",
        "@typescript-eslint/parser": "^6.13.0",
        "@vitest/coverage-v8": "^1.0.0",
        "eslint": "^8.54.0",
        "eslint-config-prettier": "^9.0.0",
        "eslint-plugin-prettier": "^5.0.1",
        "prettier": "^3.1.0",
        "tsup": "^8.0.0",
        "typescript": "^5.3.0",
        "vitest": "^1.0.0",
        "yaml": "^2.9.0"
      },
      "engines": {
        "node": ">=24"
      }
    },
    "node_modules/@inttegro/inttegro-sdk": {
      "resolved": "..",
      "link": true
    }
  }
}
