{
  "name": "test-install",
  "version": "1.0.0",
  "lockfileVersion": 3,
  "requires": true,
  "packages": {
    "": {
      "name": "test-install",
      "version": "1.0.0",
      "license": "ISC",
      "engines": { "node": ">=24" },
      "dependencies": {
        "@preciousewusi/commerce-sdk-typescript": "^0.1.0"
      }
    },
    "node_modules/@preciousewusi/commerce-sdk-typescript": {
      "version": "0.1.0",
      "resolved": "https://registry.npmjs.org/@preciousewusi/commerce-sdk-typescript/-/commerce-sdk-typescript-0.1.0.tgz",
      "integrity": "sha512-1Iq5X/pjw21tGx9EpBdrBjZng3xGRaxEITc0iIMTTPyeC6e+AarzoOPKpC8qtksXVomEnxpG09ozQh6gidI1mQ==",
      "engines": {
        "node": ">=18.0.0"
      }
    }
  }
}
